
Microsoft Visual Studio Solution File, Format Version 12.00
# Visual Studio 2015
Project("{FAE04EC0-301F-11D3-BF4B-00C04F79EFBC}") = "NetworkingPractice.CSharp", "NetworkingPractice.CSharp.csproj", "{8CA9213F-710B-38C9-EF90-8C7DB8EACA13}"
EndProject
Global
	GlobalSection(SolutionConfigurationPlatforms) = preSolution
		Debug|Any CPU = Debug|Any CPU
		Release|Any CPU = Release|Any CPU
	EndGlobalSection
	GlobalSection(ProjectConfigurationPlatforms) = postSolution
		{8CA9213F-710B-38C9-EF90-8C7DB8EACA13}.Debug|Any CPU.ActiveCfg = Debug|Any CPU
		{8CA9213F-710B-38C9-EF90-8C7DB8EACA13}.Debug|Any CPU.Build.0 = Debug|Any CPU
		{8CA9213F-710B-38C9-EF90-8C7DB8EACA13}.Release|Any CPU.ActiveCfg = Release|Any CPU
		{8CA9213F-710B-38C9-EF90-8C7DB8EACA13}.Release|Any CPU.Build.0 = Release|Any CPU
	EndGlobalSection
	GlobalSection(SolutionProperties) = preSolution
		HideSolutionNode = FALSE
	EndGlobalSection
EndGlobal
